// !$*UTF8*$!
{
	archiveVersion = 1;
	classes = {
	};
	objectVersion = 46;
	objects = {

/* Begin PBXBuildFile section */
		032B7BED18138EF500FDF750 /* UIKit.framework in Frameworks */ = {isa = PBXBuildFile; fileRef = 032B7BEC18138EF500FDF750 /* UIKit.framework */; };
		032B7BEF18138EF500FDF750 /* Foundation.framework in Frameworks */ = {isa = PBXBuildFile; fileRef = 032B7BEE18138EF500FDF750 /* Foundation.framework */; };
		032B7BF118138EF600FDF750 /* CoreGraphics.framework in Frameworks */ = {isa = PBXBuildFile; fileRef = 032B7BF018138EF500FDF750 /* CoreGraphics.framework */; };
		032B7BF718138EF600FDF750 /* InfoPlist.strings in Resources */ = {isa = PBXBuildFile; fileRef = 032B7BF518138EF600FDF750 /* InfoPlist.strings */; };
		032B7BF918138EF600FDF750 /* main.m in Sources */ = {isa = PBXBuildFile; fileRef = 032B7BF818138EF600FDF750 /* main.m */; };
		032B7BFD18138EF600FDF750 /* AppDelegate.m in Sources */ = {isa = PBXBuildFile; fileRef = 032B7BFC18138EF600FDF750 /* AppDelegate.m */; };
		032B7BFF18138EF600FDF750 /* Default.png in Resources */ = {isa = PBXBuildFile; fileRef = 032B7BFE18138EF600FDF750 /* Default.png */; };
		032B7C0118138EF600FDF750 /* Default@2x.png in Resources */ = {isa = PBXBuildFile; fileRef = 032B7C0018138EF600FDF750 /* Default@2x.png */; };
		032B7C0318138EF600FDF750 /* Default-568h@2x.png in Resources */ = {isa = PBXBuildFile; fileRef = 032B7C0218138EF600FDF750 /* Default-568h@2x.png */; };
		032B7C0618138EF600FDF750 /* MainStoryboard.storyboard in Resources */ = {isa = PBXBuildFile; fileRef = 032B7C0418138EF600FDF750 /* MainStoryboard.storyboard */; };
		032B7C0918138EF600FDF750 /* ViewController.m in Sources */ = {isa = PBXBuildFile; fileRef = 032B7C0818138EF600FDF750 /* ViewController.m */; };
		03767A58181391F000C0578C /* message.png in Resources */ = {isa = PBXBuildFile; fileRef = 03767A4F181391F000C0578C /* message.png */; };
		03767A59181391F000C0578C /* search.png in Resources */ = {isa = PBXBuildFile; fileRef = 03767A50181391F000C0578C /* search.png */; };
		03767A5B181391F000C0578C /* spanner.png in Resources */ = {isa = PBXBuildFile; fileRef = 03767A52181391F000C0578C /* spanner.png */; };
		03767A5C181391F000C0578C /* user.png in Resources */ = {isa = PBXBuildFile; fileRef = 03767A53181391F000C0578C /* user.png */; };
		03767A5E1813B65100C0578C /* boy.png in Resources */ = {isa = PBXBuildFile; fileRef = 03767A5D1813B65100C0578C /* boy.png */; };
		03767A601813B77300C0578C /* Photo.png in Resources */ = {isa = PBXBuildFile; fileRef = 03767A5F1813B77300C0578C /* Photo.png */; };
		03767A621813B85100C0578C /* safe.png in Resources */ = {isa = PBXBuildFile; fileRef = 03767A611813B85100C0578C /* safe.png */; };
		03767A641813B9C800C0578C /* Heart.png in Resources */ = {isa = PBXBuildFile; fileRef = 03767A631813B9C800C0578C /* Heart.png */; };
		03767A661813BA4E00C0578C /* Piechart.png in Resources */ = {isa = PBXBuildFile; fileRef = 03767A651813BA4E00C0578C /* Piechart.png */; };
		03767A691813D2AD00C0578C /* Status.m in Sources */ = {isa = PBXBuildFile; fileRef = 03767A681813D2AD00C0578C /* Status.m */; };
		03767A6C1813D37000C0578C /* StatusCell.m in Sources */ = {isa = PBXBuildFile; fileRef = 03767A6B1813D37000C0578C /* StatusCell.m */; };
/* End PBXBuildFile section */

/* Begin PBXFileReference section */
		032B7BE918138EF500FDF750 /* doulian.app */ = {isa = PBXFileReference; explicitFileType = wrapper.application; includeInIndex = 0; path = doulian.app; sourceTree = BUILT_PRODUCTS_DIR; };
		032B7BEC18138EF500FDF750 /* UIKit.framework */ = {isa = PBXFileReference; lastKnownFileType = wrapper.framework; name = UIKit.framework; path = System/Library/Frameworks/UIKit.framework; sourceTree = SDKROOT; };
		032B7BEE18138EF500FDF750 /* Foundation.framework */ = {isa = PBXFileReference; lastKnownFileType = wrapper.framework; name = Foundation.framework; path = System/Library/Frameworks/Foundation.framework; sourceTree = SDKROOT; };
		032B7BF018138EF500FDF750 /* CoreGraphics.framework */ = {isa = PBXFileReference; lastKnownFileType = wrapper.framework; name = CoreGraphics.framework; path = System/Library/Frameworks/CoreGraphics.framework; sourceTree = SDKROOT; };
		032B7BF418138EF600FDF750 /* doulian-Info.plist */ = {isa = PBXFileReference; lastKnownFileType = text.plist.xml; path = "doulian-Info.plist"; sourceTree = "<group>"; };
		032B7BF618138EF600FDF750 /* en */ = {isa = PBXFileReference; lastKnownFileType = text.plist.strings; name = en; path = en.lproj/InfoPlist.strings; sourceTree = "<group>"; };
		032B7BF818138EF600FDF750 /* main.m */ = {isa = PBXFileReference; lastKnownFileType = sourcecode.c.objc; path = main.m; sourceTree = "<group>"; };
		032B7BFA18138EF600FDF750 /* doulian-Prefix.pch */ = {isa = PBXFileReference; lastKnownFileType = sourcecode.c.h; path = "doulian-Prefix.pch"; sourceTree = "<group>"; };
		032B7BFB18138EF600FDF750 /* AppDelegate.h */ = {isa = PBXFileReference; lastKnownFileType = sourcecode.c.h; path = AppDelegate.h; sourceTree = "<group>"; };
		032B7BFC18138EF600FDF750 /* AppDelegate.m */ = {isa = PBXFileReference; lastKnownFileType = sourcecode.c.objc; path = AppDelegate.m; sourceTree = "<group>"; };
		032B7BFE18138EF600FDF750 /* Default.png */ = {isa = PBXFileReference; lastKnownFileType = image.png; path = Default.png; sourceTree = "<group>"; };
		032B7C0018138EF600FDF750 /* Default@2x.png */ = {isa = PBXFileReference; lastKnownFileType = image.png; path = "Default@2x.png"; sourceTree = "<group>"; };
		032B7C0218138EF600FDF750 /* Default-568h@2x.png */ = {isa = PBXFileReference; lastKnownFileType = image.png; path = "Default-568h@2x.png"; sourceTree = "<group>"; };
		032B7C0518138EF600FDF750 /* en */ = {isa = PBXFileReference; lastKnownFileType = file.storyboard; name = en; path = en.lproj/MainStoryboard.storyboard; sourceTree = "<group>"; };
		032B7C0718138EF600FDF750 /* ViewController.h */ = {isa = PBXFileReference; lastKnownFileType = sourcecode.c.h; path = ViewController.h; sourceTree = "<group>"; };
		032B7C0818138EF600FDF750 /* ViewController.m */ = {isa = PBXFileReference; lastKnownFileType = sourcecode.c.objc; path = ViewController.m; sourceTree = "<group>"; };
		03767A4F181391F000C0578C /* message.png */ = {isa = PBXFileReference; lastKnownFileType = image.png; path = message.png; sourceTree = "<group>"; };
		03767A50181391F000C0578C /* search.png */ = {isa = PBXFileReference; lastKnownFileType = image.png; path = search.png; sourceTree = "<group>"; };
		03767A52181391F000C0578C /* spanner.png */ = {isa = PBXFileReference; lastKnownFileType = image.png; path = spanner.png; sourceTree = "<group>"; };
		03767A53181391F000C0578C /* user.png */ = {isa = PBXFileReference; lastKnownFileType = image.png; path = user.png; sourceTree = "<group>"; };
		03767A5D1813B65100C0578C /* boy.png */ = {isa = PBXFileReference; lastKnownFileType = image.png; path = boy.png; sourceTree = "<group>"; };
		03767A5F1813B77300C0578C /* Photo.png */ = {isa = PBXFileReference; lastKnownFileType = image.png; path = Photo.png; sourceTree = "<group>"; };
		03767A611813B85100C0578C /* safe.png */ = {isa = PBXFileReference; lastKnownFileType = image.png; path = safe.png; sourceTree = "<group>"; };
		03767A631813B9C800C0578C /* Heart.png */ = {isa = PBXFileReference; lastKnownFileType = image.png; path = Heart.png; sourceTree = "<group>"; };
		03767A651813BA4E00C0578C /* Piechart.png */ = {isa = PBXFileReference; lastKnownFileType = image.png; path = Piechart.png; sourceTree = "<group>"; };
		03767A671813D2AD00C0578C /* Status.h */ = {isa = PBXFileReference; fileEncoding = 4; lastKnownFileType = sourcecode.c.h; path = Status.h; sourceTree = "<group>"; };
		03767A681813D2AD00C0578C /* Status.m */ = {isa = PBXFileReference; fileEncoding = 4; lastKnownFileType = sourcecode.c.objc; path = Status.m; sourceTree = "<group>"; };
		03767A6A1813D37000C0578C /* StatusCell.h */ = {isa = PBXFileReference; fileEncoding = 4; lastKnownFileType = sourcecode.c.h; path = StatusCell.h; sourceTree = "<group>"; };
		03767A6B1813D37000C0578C /* StatusCell.m */ = {isa = PBXFileReference; fileEncoding = 4; lastKnownFileType = sourcecode.c.objc; path = StatusCell.m; sourceTree = "<group>"; };
/* End PBXFileReference section */

/* Begin PBXFrameworksBuildPhase section */
		032B7BE618138EF500FDF750 /* Frameworks */ = {
			isa = PBXFrameworksBuildPhase;
			buildActionMask = 2147483647;
			files = (
				032B7BED18138EF500FDF750 /* UIKit.framework in Frameworks */,
				032B7BEF18138EF500FDF750 /* Foundation.framework in Frameworks */,
				032B7BF118138EF600FDF750 /* CoreGraphics.framework in Frameworks */,
			);
			runOnlyForDeploymentPostprocessing = 0;
		};
/* End PBXFrameworksBuildPhase section */

/* Begin PBXGroup section */
		032B7BE018138EF500FDF750 = {
			isa = PBXGroup;
			children = (
				032B7BF218138EF600FDF750 /* doulian */,
				032B7BEB18138EF500FDF750 /* Frameworks */,
				032B7BEA18138EF500FDF750 /* Products */,
			);
			sourceTree = "<group>";
		};
		032B7BEA18138EF500FDF750 /* Products */ = {
			isa = PBXGroup;
			children = (
				032B7BE918138EF500FDF750 /* doulian.app */,
			);
			name = Products;
			sourceTree = "<group>";
		};
		032B7BEB18138EF500FDF750 /* Frameworks */ = {
			isa = PBXGroup;
			children = (
				032B7BEC18138EF500FDF750 /* UIKit.framework */,
				032B7BEE18138EF500FDF750 /* Foundation.framework */,
				032B7BF018138EF500FDF750 /* CoreGraphics.framework */,
			);
			name = Frameworks;
			sourceTree = "<group>";
		};
		032B7BF218138EF600FDF750 /* doulian */ = {
			isa = PBXGroup;
			children = (
				032B7BFB18138EF600FDF750 /* AppDelegate.h */,
				032B7BFC18138EF600FDF750 /* AppDelegate.m */,
				032B7C0418138EF600FDF750 /* MainStoryboard.storyboard */,
				03767A4C181391F000C0578C /* Images */,
				03767A54181391F000C0578C /* Model */,
				03767A55181391F000C0578C /* VC */,
				032B7C0718138EF600FDF750 /* ViewController.h */,
				032B7C0818138EF600FDF750 /* ViewController.m */,
				032B7BF318138EF600FDF750 /* Supporting Files */,
			);
			path = doulian;
			sourceTree = "<group>";
		};
		032B7BF318138EF600FDF750 /* Supporting Files */ = {
			isa = PBXGroup;
			children = (
				032B7BF418138EF600FDF750 /* doulian-Info.plist */,
				032B7BF518138EF600FDF750 /* InfoPlist.strings */,
				032B7BF818138EF600FDF750 /* main.m */,
				032B7BFA18138EF600FDF750 /* doulian-Prefix.pch */,
				032B7BFE18138EF600FDF750 /* Default.png */,
				032B7C0018138EF600FDF750 /* Default@2x.png */,
				032B7C0218138EF600FDF750 /* Default-568h@2x.png */,
			);
			name = "Supporting Files";
			sourceTree = "<group>";
		};
		03767A4C181391F000C0578C /* Images */ = {
			isa = PBXGroup;
			children = (
				03767A4F181391F000C0578C /* message.png */,
				03767A5F1813B77300C0578C /* Photo.png */,
				03767A611813B85100C0578C /* safe.png */,
				03767A651813BA4E00C0578C /* Piechart.png */,
				03767A631813B9C800C0578C /* Heart.png */,
				03767A50181391F000C0578C /* search.png */,
				03767A5D1813B65100C0578C /* boy.png */,
				03767A52181391F000C0578C /* spanner.png */,
				03767A53181391F000C0578C /* user.png */,
			);
			path = Images;
			sourceTree = "<group>";
		};
		03767A54181391F000C0578C /* Model */ = {
			isa = PBXGroup;
			children = (
				03767A671813D2AD00C0578C /* Status.h */,
				03767A681813D2AD00C0578C /* Status.m */,
			);
			path = Model;
			sourceTree = "<group>";
		};
		03767A55181391F000C0578C /* VC */ = {
			isa = PBXGroup;
			children = (
				03767A6A1813D37000C0578C /* StatusCell.h */,
				03767A6B1813D37000C0578C /* StatusCell.m */,
			);
			path = VC;
			sourceTree = "<group>";
		};
/* End PBXGroup section */

/* Begin PBXNativeTarget section */
		032B7BE818138EF500FDF750 /* doulian */ = {
			isa = PBXNativeTarget;
			buildConfigurationList = 032B7C0C18138EF600FDF750 /* Build configuration list for PBXNativeTarget "doulian" */;
			buildPhases = (
				032B7BE518138EF500FDF750 /* Sources */,
				032B7BE618138EF500FDF750 /* Frameworks */,
				032B7BE718138EF500FDF750 /* Resources */,
			);
			buildRules = (
			);
			dependencies = (
			);
			name = doulian;
			productName = doulian;
			productReference = 032B7BE918138EF500FDF750 /* doulian.app */;
			productType = "com.apple.product-type.application";
		};
/* End PBXNativeTarget section */

/* Begin PBXProject section */
		032B7BE118138EF500FDF750 /* Project object */ = {
			isa = PBXProject;
			attributes = {
				LastUpgradeCheck = 0460;
				ORGANIZATIONNAME = feelapp;
			};
			buildConfigurationList = 032B7BE418138EF500FDF750 /* Build configuration list for PBXProject "doulian" */;
			compatibilityVersion = "Xcode 3.2";
			developmentRegion = English;
			hasScannedForEncodings = 0;
			knownRegions = (
				en,
			);
			mainGroup = 032B7BE018138EF500FDF750;
			productRefGroup = 032B7BEA18138EF500FDF750 /* Products */;
			projectDirPath = "";
			projectRoot = "";
			targets = (
				032B7BE818138EF500FDF750 /* doulian */,
			);
		};
/* End PBXProject section */

/* Begin PBXResourcesBuildPhase section */
		032B7BE718138EF500FDF750 /* Resources */ = {
			isa = PBXResourcesBuildPhase;
			buildActionMask = 2147483647;
			files = (
				032B7BF718138EF600FDF750 /* InfoPlist.strings in Resources */,
				032B7BFF18138EF600FDF750 /* Default.png in Resources */,
				032B7C0118138EF600FDF750 /* Default@2x.png in Resources */,
				032B7C0318138EF600FDF750 /* Default-568h@2x.png in Resources */,
				032B7C0618138EF600FDF750 /* MainStoryboard.storyboard in Resources */,
				03767A58181391F000C0578C /* message.png in Resources */,
				03767A59181391F000C0578C /* search.png in Resources */,
				03767A5B181391F000C0578C /* spanner.png in Resources */,
				03767A5C181391F000C0578C /* user.png in Resources */,
				03767A5E1813B65100C0578C /* boy.png in Resources */,
				03767A601813B77300C0578C /* Photo.png in Resources */,
				03767A621813B85100C0578C /* safe.png in Resources */,
				03767A641813B9C800C0578C /* Heart.png in Resources */,
				03767A661813BA4E00C0578C /* Piechart.png in Resources */,
			);
			runOnlyForDeploymentPostprocessing = 0;
		};
/* End PBXResourcesBuildPhase section */

/* Begin PBXSourcesBuildPhase section */
		032B7BE518138EF500FDF750 /* Sources */ = {
			isa = PBXSourcesBuildPhase;
			buildActionMask = 2147483647;
			files = (
				032B7BF918138EF600FDF750 /* main.m in Sources */,
				032B7BFD18138EF600FDF750 /* AppDelegate.m in Sources */,
				032B7C0918138EF600FDF750 /* ViewController.m in Sources */,
				03767A691813D2AD00C0578C /* Status.m in Sources */,
				03767A6C1813D37000C0578C /* StatusCell.m in Sources */,
			);
			runOnlyForDeploymentPostprocessing = 0;
		};
/* End PBXSourcesBuildPhase section */

/* Begin PBXVariantGroup section */
		032B7BF518138EF600FDF750 /* InfoPlist.strings */ = {
			isa = PBXVariantGroup;
			children = (
				032B7BF618138EF600FDF750 /* en */,
			);
			name = InfoPlist.strings;
			sourceTree = "<group>";
		};
		032B7C0418138EF600FDF750 /* MainStoryboard.storyboard */ = {
			isa = PBXVariantGroup;
			children = (
				032B7C0518138EF600FDF750 /* en */,
			);
			name = MainStoryboard.storyboard;
			sourceTree = "<group>";
		};
/* End PBXVariantGroup section */

/* Begin XCBuildConfiguration section */
		032B7C0A18138EF600FDF750 /* Debug */ = {
			isa = XCBuildConfiguration;
			buildSettings = {
				ALWAYS_SEARCH_USER_PATHS = NO;
				CLANG_CXX_LANGUAGE_STANDARD = "gnu++0x";
				CLANG_CXX_LIBRARY = "libc++";
				CLANG_ENABLE_OBJC_ARC = YES;
				CLANG_WARN_CONSTANT_CONVERSION = YES;
				CLANG_WARN_EMPTY_BODY = YES;
				CLANG_WARN_ENUM_CONVERSION = YES;
				CLANG_WARN_INT_CONVERSION = YES;
				CLANG_WARN__DUPLICATE_METHOD_MATCH = YES;
				"CODE_SIGN_IDENTITY[sdk=iphoneos*]" = "iPhone Developer";
				COPY_PHASE_STRIP = NO;
				GCC_C_LANGUAGE_STANDARD = gnu99;
				GCC_DYNAMIC_NO_PIC = NO;
				GCC_OPTIMIZATION_LEVEL = 0;
				GCC_PREPROCESSOR_DEFINITIONS = (
					"DEBUG=1",
					"$(inherited)",
				);
				GCC_SYMBOLS_PRIVATE_EXTERN = NO;
				GCC_WARN_ABOUT_RETURN_TYPE = YES;
				GCC_WARN_UNINITIALIZED_AUTOS = YES;
				GCC_WARN_UNUSED_VARIABLE = YES;
				IPHONEOS_DEPLOYMENT_TARGET = 6.1;
				ONLY_ACTIVE_ARCH = YES;
				SDKROOT = iphoneos;
			};
			name = Debug;
		};
		032B7C0B18138EF600FDF750 /* Release */ = {
			isa = XCBuildConfiguration;
			buildSettings = {
				ALWAYS_SEARCH_USER_PATHS = NO;
				CLANG_CXX_LANGUAGE_STANDARD = "gnu++0x";
				CLANG_CXX_LIBRARY = "libc++";
				CLANG_ENABLE_OBJC_ARC = YES;
				CLANG_WARN_CONSTANT_CONVERSION = YES;
				CLANG_WARN_EMPTY_BODY = YES;
				CLANG_WARN_ENUM_CONVERSION = YES;
				CLANG_WARN_INT_CONVERSION = YES;
				CLANG_WARN__DUPLICATE_METHOD_MATCH = YES;
				"CODE_SIGN_IDENTITY[sdk=iphoneos*]" = "iPhone Developer";
				COPY_PHASE_STRIP = YES;
				GCC_C_LANGUAGE_STANDARD = gnu99;
				GCC_WARN_ABOUT_RETURN_TYPE = YES;
				GCC_WARN_UNINITIALIZED_AUTOS = YES;
				GCC_WARN_UNUSED_VARIABLE = YES;
				IPHONEOS_DEPLOYMENT_TARGET = 6.1;
				OTHER_CFLAGS = "-DNS_BLOCK_ASSERTIONS=1";
				SDKROOT = iphoneos;
				VALIDATE_PRODUCT = YES;
			};
			name = Release;
		};
		032B7C0D18138EF600FDF750 /* Debug */ = {
			isa = XCBuildConfiguration;
			buildSettings = {
				GCC_PRECOMPILE_PREFIX_HEADER = YES;
				GCC_PREFIX_HEADER = "doulian/doulian-Prefix.pch";
				INFOPLIST_FILE = "doulian/doulian-Info.plist";
				PRODUCT_NAME = "$(TARGET_NAME)";
				WRAPPER_EXTENSION = app;
			};
			name = Debug;
		};
		032B7C0E18138EF600FDF750 /* Release */ = {
			isa = XCBuildConfiguration;
			buildSettings = {
				GCC_PRECOMPILE_PREFIX_HEADER = YES;
				GCC_PREFIX_HEADER = "doulian/doulian-Prefix.pch";
				INFOPLIST_FILE = "doulian/doulian-Info.plist";
				PRODUCT_NAME = "$(TARGET_NAME)";
				WRAPPER_EXTENSION = app;
			};
			name = Release;
		};
/* End XCBuildConfiguration section */

/* Begin XCConfigurationList section */
		032B7BE418138EF500FDF750 /* Build configuration list for PBXProject "doulian" */ = {
			isa = XCConfigurationList;
			buildConfigurations = (
				032B7C0A18138EF600FDF750 /* Debug */,
				032B7C0B18138EF600FDF750 /* Release */,
			);
			defaultConfigurationIsVisible = 0;
			defaultConfigurationName = Release;
		};
		032B7C0C18138EF600FDF750 /* Build configuration list for PBXNativeTarget "doulian" */ = {
			isa = XCConfigurationList;
			buildConfigurations = (
				032B7C0D18138EF600FDF750 /* Debug */,
				032B7C0E18138EF600FDF750 /* Release */,
			);
			defaultConfigurationIsVisible = 0;
			defaultConfigurationName = Release;
		};
/* End XCConfigurationList section */
	};
	rootObject = 032B7BE118138EF500FDF750 /* Project object */;
}
